PODS:
  - Bolts/Tasks (1.9.1)
  - couchbase-lite-ios (1.4.4):
    - couchbase-lite-ios/SQLite (= 1.4.4)
  - couchbase-lite-ios/SQLite (1.4.4)
  - Flurry-iOS-SDK/FlurrySDK (11.4.0)
  - GoogleAnalytics (3.20.0)
  - Parse (1.19.3):
    - Parse/Core (= 1.19.3)
  - Parse/Core (1.19.3):
    - Bolts/Tasks (= 1.9.1)
  - Realm (10.20.1):
    - Realm/Headers (= 10.20.1)
  - Realm/Headers (10.20.1)
  - RealmSwift (10.20.1):
    - Realm (= 10.20.1)

DEPENDENCIES:
  - couchbase-lite-ios
  - Flurry-iOS-SDK/FlurrySDK
  - GoogleAnalytics
  - Parse
  - RealmSwift

SPEC REPOS:
  trunk:
    - Bolts
    - couchbase-lite-ios
    - Flurry-iOS-SDK
    - GoogleAnalytics
    - Parse
    - Realm
    - RealmSwift

SPEC CHECKSUMS:
  Bolts: 8c1e8aab2f603387b8b9924f57d1d64f43d3ffdc
  couchbase-lite-ios: 6b586fca2c8a59c85e31df89a2528c92c40fc4dc
  Flurry-iOS-SDK: a1dbf099040d71e89a11cdf3a30c8723c1de950f
  GoogleAnalytics: 01e4c5a04544a3608f93e970ce0817836897c5a5
  Parse: 0abb63a0ff6fa34a3f64b81d595a294e2ece143a
  Realm: fac5ecd031fcb81171627b74944c885662d4b266
  RealmSwift: 9b02d25acb46a14756bde9893abb99e2e3675923

PODFILE CHECKSUM: b60974117d0c7906e3b0e527da28a6bce45d1f02

COCOAPODS: 1.10.2
